// !$*UTF8*$!
{
	archiveVersion = 1;
	classes = {
	};
	objectVersion = 50;
	objects = {

/* Begin PBXBuildFile section */
		69B4E50621BD1CCB0026624E /* main.cpp in Sources */ = {isa = PBXBuildFile; fileRef = 69B4E50421BD1CCB0026624E /* main.cpp */; };
		69B4E50C21BD1CEB0026624E /* TList.cpp in Sources */ = {isa = PBXBuildFile; fileRef = 69B4E50A21BD1CEB0026624E /* TList.cpp */; };
		69B4E50F21BD1D040026624E /* TTree.cpp in Sources */ = {isa = PBXBuildFile; fileRef = 69B4E50D21BD1D040026624E /* TTree.cpp */; };
		69B4E51221BD1D1C0026624E /* TAllocationBlock.cpp in Sources */ = {isa = PBXBuildFile; fileRef = 69B4E51021BD1D1C0026624E /* TAllocationBlock.cpp */; };
		69B4E51821BD1D6A0026624E /* Triangle.cpp in Sources */ = {isa = PBXBuildFile; fileRef = 69B4E51621BD1D6A0026624E /* Triangle.cpp */; };
		69B4E51B21BD1DDB0026624E /* TListItem.cpp in Sources */ = {isa = PBXBuildFile; fileRef = 69B4E51921BD1DDB0026624E /* TListItem.cpp */; };
		69B4E51E21BD1DEB0026624E /* TTreeItem.cpp in Sources */ = {isa = PBXBuildFile; fileRef = 69B4E51C21BD1DEB0026624E /* TTreeItem.cpp */; };
		69B4E52A21BD42C70026624E /* Square.cpp in Sources */ = {isa = PBXBuildFile; fileRef = 69B4E52821BD42C70026624E /* Square.cpp */; };
		69B4E52D21BD42D60026624E /* Octagon.cpp in Sources */ = {isa = PBXBuildFile; fileRef = 69B4E52B21BD42D60026624E /* Octagon.cpp */; };
/* End PBXBuildFile section */

/* Begin PBXCopyFilesBuildPhase section */
		69B4E4F821BD1CAB0026624E /* CopyFiles */ = {
			isa = PBXCopyFilesBuildPhase;
			buildActionMask = 2147483647;
			dstPath = /usr/share/man/man1/;
			dstSubfolderSpec = 0;
			files = (
			);
			runOnlyForDeploymentPostprocessing = 1;
		};
/* End PBXCopyFilesBuildPhase section */

/* Begin PBXFileReference section */
		6928031C21CA62F500182A32 /* TIterator.hpp */ = {isa = PBXFileReference; fileEncoding = 4; lastKnownFileType = sourcecode.cpp.h; path = TIterator.hpp; sourceTree = "<group>"; };
		69B4E4FA21BD1CAB0026624E /* oop7 */ = {isa = PBXFileReference; explicitFileType = "compiled.mach-o.executable"; includeInIndex = 0; path = oop7; sourceTree = BUILT_PRODUCTS_DIR; };
		69B4E50421BD1CCB0026624E /* main.cpp */ = {isa = PBXFileReference; lastKnownFileType = sourcecode.cpp.cpp; path = main.cpp; sourceTree = "<group>"; };
		69B4E50821BD1CD70026624E /* Figure.hpp */ = {isa = PBXFileReference; lastKnownFileType = sourcecode.cpp.h; path = Figure.hpp; sourceTree = "<group>"; };
		69B4E50A21BD1CEB0026624E /* TList.cpp */ = {isa = PBXFileReference; lastKnownFileType = sourcecode.cpp.cpp; path = TList.cpp; sourceTree = "<group>"; };
		69B4E50B21BD1CEB0026624E /* TList.hpp */ = {isa = PBXFileReference; lastKnownFileType = sourcecode.cpp.h; path = TList.hpp; sourceTree = "<group>"; };
		69B4E50D21BD1D040026624E /* TTree.cpp */ = {isa = PBXFileReference; lastKnownFileType = sourcecode.cpp.cpp; path = TTree.cpp; sourceTree = "<group>"; };
		69B4E50E21BD1D040026624E /* TTree.hpp */ = {isa = PBXFileReference; lastKnownFileType = sourcecode.cpp.h; path = TTree.hpp; sourceTree = "<group>"; };
		69B4E51021BD1D1C0026624E /* TAllocationBlock.cpp */ = {isa = PBXFileReference; lastKnownFileType = sourcecode.cpp.cpp; path = TAllocationBlock.cpp; sourceTree = "<group>"; };
		69B4E51121BD1D1C0026624E /* TAllocationBlock.hpp */ = {isa = PBXFileReference; lastKnownFileType = sourcecode.cpp.h; path = TAllocationBlock.hpp; sourceTree = "<group>"; };
		69B4E51621BD1D6A0026624E /* Triangle.cpp */ = {isa = PBXFileReference; lastKnownFileType = sourcecode.cpp.cpp; path = Triangle.cpp; sourceTree = "<group>"; };
		69B4E51721BD1D6A0026624E /* Triangle.hpp */ = {isa = PBXFileReference; lastKnownFileType = sourcecode.cpp.h; path = Triangle.hpp; sourceTree = "<group>"; };
		69B4E51921BD1DDB0026624E /* TListItem.cpp */ = {isa = PBXFileReference; lastKnownFileType = sourcecode.cpp.cpp; path = TListItem.cpp; sourceTree = "<group>"; };
		69B4E51A21BD1DDB0026624E /* TListItem.hpp */ = {isa = PBXFileReference; lastKnownFileType = sourcecode.cpp.h; path = TListItem.hpp; sourceTree = "<group>"; };
		69B4E51C21BD1DEB0026624E /* TTreeItem.cpp */ = {isa = PBXFileReference; lastKnownFileType = sourcecode.cpp.cpp; path = TTreeItem.cpp; sourceTree = "<group>"; };
		69B4E51D21BD1DEB0026624E /* TTreeItem.hpp */ = {isa = PBXFileReference; lastKnownFileType = sourcecode.cpp.h; path = TTreeItem.hpp; sourceTree = "<group>"; };
		69B4E52021BD1DFA0026624E /* IRemoveCriteriaByValue.hpp */ = {isa = PBXFileReference; lastKnownFileType = sourcecode.cpp.h; path = IRemoveCriteriaByValue.hpp; sourceTree = "<group>"; };
		69B4E52321BD1E0E0026624E /* IRemoveCriteriaAll.hpp */ = {isa = PBXFileReference; lastKnownFileType = sourcecode.cpp.h; path = IRemoveCriteriaAll.hpp; sourceTree = "<group>"; };
		69B4E52621BD20110026624E /* IRemoveCriteria.hpp */ = {isa = PBXFileReference; lastKnownFileType = sourcecode.cpp.h; path = IRemoveCriteria.hpp; sourceTree = "<group>"; };
		69B4E52821BD42C70026624E /* Square.cpp */ = {isa = PBXFileReference; lastKnownFileType = sourcecode.cpp.cpp; path = Square.cpp; sourceTree = "<group>"; };
		69B4E52921BD42C70026624E /* Square.hpp */ = {isa = PBXFileReference; lastKnownFileType = sourcecode.cpp.h; path = Square.hpp; sourceTree = "<group>"; };
		69B4E52B21BD42D60026624E /* Octagon.cpp */ = {isa = PBXFileReference; lastKnownFileType = sourcecode.cpp.cpp; path = Octagon.cpp; sourceTree = "<group>"; };
		69B4E52C21BD42D60026624E /* Octagon.hpp */ = {isa = PBXFileReference; lastKnownFileType = sourcecode.cpp.h; path = Octagon.hpp; sourceTree = "<group>"; };
/* End PBXFileReference section */

/* Begin PBXFrameworksBuildPhase section */
		69B4E4F721BD1CAB0026624E /* Frameworks */ = {
			isa = PBXFrameworksBuildPhase;
			buildActionMask = 2147483647;
			files = (
			);
			runOnlyForDeploymentPostprocessing = 0;
		};
/* End PBXFrameworksBuildPhase section */

/* Begin PBXGroup section */
		69B4E4F121BD1CAB0026624E = {
			isa = PBXGroup;
			children = (
				69B4E4FC21BD1CAB0026624E /* oop7 */,
				69B4E4FB21BD1CAB0026624E /* Products */,
			);
			sourceTree = "<group>";
		};
		69B4E4FB21BD1CAB0026624E /* Products */ = {
			isa = PBXGroup;
			children = (
				69B4E4FA21BD1CAB0026624E /* oop7 */,
			);
			name = Products;
			sourceTree = "<group>";
		};
		69B4E4FC21BD1CAB0026624E /* oop7 */ = {
			isa = PBXGroup;
			children = (
				6928031C21CA62F500182A32 /* TIterator.hpp */,
				69B4E50421BD1CCB0026624E /* main.cpp */,
				69B4E51A21BD1DDB0026624E /* TListItem.hpp */,
				69B4E51921BD1DDB0026624E /* TListItem.cpp */,
				69B4E50B21BD1CEB0026624E /* TList.hpp */,
				69B4E50A21BD1CEB0026624E /* TList.cpp */,
				69B4E51D21BD1DEB0026624E /* TTreeItem.hpp */,
				69B4E51C21BD1DEB0026624E /* TTreeItem.cpp */,
				69B4E50E21BD1D040026624E /* TTree.hpp */,
				69B4E50D21BD1D040026624E /* TTree.cpp */,
				69B4E51021BD1D1C0026624E /* TAllocationBlock.cpp */,
				69B4E51121BD1D1C0026624E /* TAllocationBlock.hpp */,
				69B4E52621BD20110026624E /* IRemoveCriteria.hpp */,
				69B4E52021BD1DFA0026624E /* IRemoveCriteriaByValue.hpp */,
				69B4E52321BD1E0E0026624E /* IRemoveCriteriaAll.hpp */,
				69B4E50821BD1CD70026624E /* Figure.hpp */,
				69B4E51621BD1D6A0026624E /* Triangle.cpp */,
				69B4E51721BD1D6A0026624E /* Triangle.hpp */,
				69B4E52821BD42C70026624E /* Square.cpp */,
				69B4E52921BD42C70026624E /* Square.hpp */,
				69B4E52B21BD42D60026624E /* Octagon.cpp */,
				69B4E52C21BD42D60026624E /* Octagon.hpp */,
			);
			path = oop7;
			sourceTree = "<group>";
		};
/* End PBXGroup section */

/* Begin PBXNativeTarget section */
		69B4E4F921BD1CAB0026624E /* oop7 */ = {
			isa = PBXNativeTarget;
			buildConfigurationList = 69B4E50121BD1CAB0026624E /* Build configuration list for PBXNativeTarget "oop7" */;
			buildPhases = (
				69B4E4F621BD1CAB0026624E /* Sources */,
				69B4E4F721BD1CAB0026624E /* Frameworks */,
				69B4E4F821BD1CAB0026624E /* CopyFiles */,
			);
			buildRules = (
			);
			dependencies = (
			);
			name = oop7;
			productName = oop7;
			productReference = 69B4E4FA21BD1CAB0026624E /* oop7 */;
			productType = "com.apple.product-type.tool";
		};
/* End PBXNativeTarget section */

/* Begin PBXProject section */
		69B4E4F221BD1CAB0026624E /* Project object */ = {
			isa = PBXProject;
			attributes = {
				LastUpgradeCheck = 1010;
				ORGANIZATIONNAME = "Марина";
				TargetAttributes = {
					69B4E4F921BD1CAB0026624E = {
						CreatedOnToolsVersion = 10.1;
					};
				};
			};
			buildConfigurationList = 69B4E4F521BD1CAB0026624E /* Build configuration list for PBXProject "oop7" */;
			compatibilityVersion = "Xcode 9.3";
			developmentRegion = en;
			hasScannedForEncodings = 0;
			knownRegions = (
				en,
			);
			mainGroup = 69B4E4F121BD1CAB0026624E;
			productRefGroup = 69B4E4FB21BD1CAB0026624E /* Products */;
			projectDirPath = "";
			projectRoot = "";
			targets = (
				69B4E4F921BD1CAB0026624E /* oop7 */,
			);
		};
/* End PBXProject section */

/* Begin PBXSourcesBuildPhase section */
		69B4E4F621BD1CAB0026624E /* Sources */ = {
			isa = PBXSourcesBuildPhase;
			buildActionMask = 2147483647;
			files = (
				69B4E50621BD1CCB0026624E /* main.cpp in Sources */,
				69B4E51E21BD1DEB0026624E /* TTreeItem.cpp in Sources */,
				69B4E51821BD1D6A0026624E /* Triangle.cpp in Sources */,
				69B4E52D21BD42D60026624E /* Octagon.cpp in Sources */,
				69B4E51221BD1D1C0026624E /* TAllocationBlock.cpp in Sources */,
				69B4E52A21BD42C70026624E /* Square.cpp in Sources */,
				69B4E51B21BD1DDB0026624E /* TListItem.cpp in Sources */,
				69B4E50C21BD1CEB0026624E /* TList.cpp in Sources */,
				69B4E50F21BD1D040026624E /* TTree.cpp in Sources */,
			);
			runOnlyForDeploymentPostprocessing = 0;
		};
/* End PBXSourcesBuildPhase section */

/* Begin XCBuildConfiguration section */
		69B4E4FF21BD1CAB0026624E /* Debug */ = {
			isa = XCBuildConfiguration;
			buildSettings = {
				ALWAYS_SEARCH_USER_PATHS = NO;
				CLANG_ANALYZER_NONNULL = YES;
				CLANG_ANALYZER_NUMBER_OBJECT_CONVERSION = YES_AGGRESSIVE;
				CLANG_CXX_LANGUAGE_STANDARD = "gnu++14";
				CLANG_CXX_LIBRARY = "libc++";
				CLANG_ENABLE_MODULES = YES;
				CLANG_ENABLE_OBJC_ARC = YES;
				CLANG_ENABLE_OBJC_WEAK = YES;
				CLANG_WARN_BLOCK_CAPTURE_AUTORELEASING = YES;
				CLANG_WARN_BOOL_CONVERSION = YES;
				CLANG_WARN_COMMA = YES;
				CLANG_WARN_CONSTANT_CONVERSION = YES;
				CLANG_WARN_DEPRECATED_OBJC_IMPLEMENTATIONS = YES;
				CLANG_WARN_DIRECT_OBJC_ISA_USAGE = YES_ERROR;
				CLANG_WARN_DOCUMENTATION_COMMENTS = YES;
				CLANG_WARN_EMPTY_BODY = YES;
				CLANG_WARN_ENUM_CONVERSION = YES;
				CLANG_WARN_INFINITE_RECURSION = YES;
				CLANG_WARN_INT_CONVERSION = YES;
				CLANG_WARN_NON_LITERAL_NULL_CONVERSION = YES;
				CLANG_WARN_OBJC_IMPLICIT_RETAIN_SELF = YES;
				CLANG_WARN_OBJC_LITERAL_CONVERSION = YES;
				CLANG_WARN_OBJC_ROOT_CLASS = YES_ERROR;
				CLANG_WARN_RANGE_LOOP_ANALYSIS = YES;
				CLANG_WARN_STRICT_PROTOTYPES = YES;
				CLANG_WARN_SUSPICIOUS_MOVE = YES;
				CLANG_WARN_UNGUARDED_AVAILABILITY = YES_AGGRESSIVE;
				CLANG_WARN_UNREACHABLE_CODE = YES;
				CLANG_WARN__DUPLICATE_METHOD_MATCH = YES;
				CODE_SIGN_IDENTITY = "-";
				COPY_PHASE_STRIP = NO;
				DEBUG_INFORMATION_FORMAT = dwarf;
				ENABLE_STRICT_OBJC_MSGSEND = YES;
				ENABLE_TESTABILITY = YES;
				GCC_C_LANGUAGE_STANDARD = gnu11;
				GCC_DYNAMIC_NO_PIC = NO;
				GCC_NO_COMMON_BLOCKS = YES;
				GCC_OPTIMIZATION_LEVEL = 0;
				GCC_PREPROCESSOR_DEFINITIONS = (
					"DEBUG=1",
					"$(inherited)",
				);
				GCC_WARN_64_TO_32_BIT_CONVERSION = YES;
				GCC_WARN_ABOUT_RETURN_TYPE = YES_ERROR;
				GCC_WARN_UNDECLARED_SELECTOR = YES;
				GCC_WARN_UNINITIALIZED_AUTOS = YES_AGGRESSIVE;
				GCC_WARN_UNUSED_FUNCTION = YES;
				GCC_WARN_UNUSED_VARIABLE = YES;
				MACOSX_DEPLOYMENT_TARGET = 10.13;
				MTL_ENABLE_DEBUG_INFO = INCLUDE_SOURCE;
				MTL_FAST_MATH = YES;
				ONLY_ACTIVE_ARCH = YES;
				SDKROOT = macosx;
			};
			name = Debug;
		};
		69B4E50021BD1CAB0026624E /* Release */ = {
			isa = XCBuildConfiguration;
			buildSettings = {
				ALWAYS_SEARCH_USER_PATHS = NO;
				CLANG_ANALYZER_NONNULL = YES;
				CLANG_ANALYZER_NUMBER_OBJECT_CONVERSION = YES_AGGRESSIVE;
				CLANG_CXX_LANGUAGE_STANDARD = "gnu++14";
				CLANG_CXX_LIBRARY = "libc++";
				CLANG_ENABLE_MODULES = YES;
				CLANG_ENABLE_OBJC_ARC = YES;
				CLANG_ENABLE_OBJC_WEAK = YES;
				CLANG_WARN_BLOCK_CAPTURE_AUTORELEASING = YES;
				CLANG_WARN_BOOL_CONVERSION = YES;
				CLANG_WARN_COMMA = YES;
				CLANG_WARN_CONSTANT_CONVERSION = YES;
				CLANG_WARN_DEPRECATED_OBJC_IMPLEMENTATIONS = YES;
				CLANG_WARN_DIRECT_OBJC_ISA_USAGE = YES_ERROR;
				CLANG_WARN_DOCUMENTATION_COMMENTS = YES;
				CLANG_WARN_EMPTY_BODY = YES;
				CLANG_WARN_ENUM_CONVERSION = YES;
				CLANG_WARN_INFINITE_RECURSION = YES;
				CLANG_WARN_INT_CONVERSION = YES;
				CLANG_WARN_NON_LITERAL_NULL_CONVERSION = YES;
				CLANG_WARN_OBJC_IMPLICIT_RETAIN_SELF = YES;
				CLANG_WARN_OBJC_LITERAL_CONVERSION = YES;
				CLANG_WARN_OBJC_ROOT_CLASS = YES_ERROR;
				CLANG_WARN_RANGE_LOOP_ANALYSIS = YES;
				CLANG_WARN_STRICT_PROTOTYPES = YES;
				CLANG_WARN_SUSPICIOUS_MOVE = YES;
				CLANG_WARN_UNGUARDED_AVAILABILITY = YES_AGGRESSIVE;
				CLANG_WARN_UNREACHABLE_CODE = YES;
				CLANG_WARN__DUPLICATE_METHOD_MATCH = YES;
				CODE_SIGN_IDENTITY = "-";
				COPY_PHASE_STRIP = NO;
				DEBUG_INFORMATION_FORMAT = "dwarf-with-dsym";
				ENABLE_NS_ASSERTIONS = NO;
				ENABLE_STRICT_OBJC_MSGSEND = YES;
				GCC_C_LANGUAGE_STANDARD = gnu11;
				GCC_NO_COMMON_BLOCKS = YES;
				GCC_WARN_64_TO_32_BIT_CONVERSION = YES;
				GCC_WARN_ABOUT_RETURN_TYPE = YES_ERROR;
				GCC_WARN_UNDECLARED_SELECTOR = YES;
				GCC_WARN_UNINITIALIZED_AUTOS = YES_AGGRESSIVE;
				GCC_WARN_UNUSED_FUNCTION = YES;
				GCC_WARN_UNUSED_VARIABLE = YES;
				MACOSX_DEPLOYMENT_TARGET = 10.13;
				MTL_ENABLE_DEBUG_INFO = NO;
				MTL_FAST_MATH = YES;
				SDKROOT = macosx;
			};
			name = Release;
		};
		69B4E50221BD1CAB0026624E /* Debug */ = {
			isa = XCBuildConfiguration;
			buildSettings = {
				CODE_SIGN_STYLE = Automatic;
				PRODUCT_NAME = "$(TARGET_NAME)";
			};
			name = Debug;
		};
		69B4E50321BD1CAB0026624E /* Release */ = {
			isa = XCBuildConfiguration;
			buildSettings = {
				CODE_SIGN_STYLE = Automatic;
				PRODUCT_NAME = "$(TARGET_NAME)";
			};
			name = Release;
		};
/* End XCBuildConfiguration section */

/* Begin XCConfigurationList section */
		69B4E4F521BD1CAB0026624E /* Build configuration list for PBXProject "oop7" */ = {
			isa = XCConfigurationList;
			buildConfigurations = (
				69B4E4FF21BD1CAB0026624E /* Debug */,
				69B4E50021BD1CAB0026624E /* Release */,
			);
			defaultConfigurationIsVisible = 0;
			defaultConfigurationName = Release;
		};
		69B4E50121BD1CAB0026624E /* Build configuration list for PBXNativeTarget "oop7" */ = {
			isa = XCConfigurationList;
			buildConfigurations = (
				69B4E50221BD1CAB0026624E /* Debug */,
				69B4E50321BD1CAB0026624E /* Release */,
			);
			defaultConfigurationIsVisible = 0;
			defaultConfigurationName = Release;
		};
/* End XCConfigurationList section */
	};
	rootObject = 69B4E4F221BD1CAB0026624E /* Project object */;
}
